// !$*UTF8*$!
{
	archiveVersion = 1;
	classes = {
	};
	objectVersion = 46;
	objects = {

/* Begin PBXBuildFile section */
		E3924A2C9D42759201F0F6EC /* Pods_HuaweiCliendTests.framework in Frameworks */ = {isa = PBXBuildFile; fileRef = C7D1A0574E692E9046378C15 /* Pods_HuaweiCliendTests.framework */; };
		EF3803BA474A53FA7EFC22F6 /* Pods_HuaweiCliend.framework in Frameworks */ = {isa = PBXBuildFile; fileRef = 401ABDA457C5238DA6B7B12A /* Pods_HuaweiCliend.framework */; };
		FC0B635C1E8EC54800BA77A8 /* String+Hash.swift in Sources */ = {isa = PBXBuildFile; fileRef = FC0B635B1E8EC54800BA77A8 /* String+Hash.swift */; };
		FC0B635E1E8ECCCE00BA77A8 /* Device.swift in Sources */ = {isa = PBXBuildFile; fileRef = FC0B635D1E8ECCCE00BA77A8 /* Device.swift */; };
		FC0B63601E8ECD7D00BA77A8 /* Keychainer.swift in Sources */ = {isa = PBXBuildFile; fileRef = FC0B635F1E8ECD7D00BA77A8 /* Keychainer.swift */; };
		FC3CAF701E8ED8A200D065AA /* Application.swift in Sources */ = {isa = PBXBuildFile; fileRef = FC3CAF6F1E8ED8A200D065AA /* Application.swift */; };
		FC3CAF721E8EDC1E00D065AA /* PinCodeViewModel.swift in Sources */ = {isa = PBXBuildFile; fileRef = FC3CAF711E8EDC1E00D065AA /* PinCodeViewModel.swift */; };
		FC4161461E89A8B100919384 /* AppDelegate.swift in Sources */ = {isa = PBXBuildFile; fileRef = FC4161451E89A8B100919384 /* AppDelegate.swift */; };
		FC41614D1E89A8B100919384 /* Main.storyboard in Resources */ = {isa = PBXBuildFile; fileRef = FC41614B1E89A8B100919384 /* Main.storyboard */; };
		FC4161521E89A8B100919384 /* LaunchScreen.storyboard in Resources */ = {isa = PBXBuildFile; fileRef = FC4161501E89A8B100919384 /* LaunchScreen.storyboard */; };
		FC41615D1E89A8B100919384 /* HuaweiCliendTests.swift in Sources */ = {isa = PBXBuildFile; fileRef = FC41615C1E89A8B100919384 /* HuaweiCliendTests.swift */; };
		FC41616D1E89B02F00919384 /* Network.swift in Sources */ = {isa = PBXBuildFile; fileRef = FC41616C1E89B02F00919384 /* Network.swift */; };
		FC4161711E89B42800919384 /* SignViewController.swift in Sources */ = {isa = PBXBuildFile; fileRef = FC4161701E89B42800919384 /* SignViewController.swift */; };
		FC4161751E89B67B00919384 /* UserProfile.swift in Sources */ = {isa = PBXBuildFile; fileRef = FC4161741E89B67B00919384 /* UserProfile.swift */; };
		FC41617B1E89C06900919384 /* SignInViewModel.swift in Sources */ = {isa = PBXBuildFile; fileRef = FC41617A1E89C06900919384 /* SignInViewModel.swift */; };
		FC41617D1E89C0C000919384 /* SignInModel.swift in Sources */ = {isa = PBXBuildFile; fileRef = FC41617C1E89C0C000919384 /* SignInModel.swift */; };
		FC4161811E89D48700919384 /* Router.swift in Sources */ = {isa = PBXBuildFile; fileRef = FC4161801E89D48700919384 /* Router.swift */; };
		FC4161851E89E30200919384 /* UserProfileViewController.swift in Sources */ = {isa = PBXBuildFile; fileRef = FC4161841E89E30200919384 /* UserProfileViewController.swift */; };
		FC8E6A851E8AC80700605214 /* UserProfileViewModel.swift in Sources */ = {isa = PBXBuildFile; fileRef = FC8E6A841E8AC80700605214 /* UserProfileViewModel.swift */; };
		FC8E6A901E8AD39200605214 /* AcademViewController.swift in Sources */ = {isa = PBXBuildFile; fileRef = FC8E6A8F1E8AD39200605214 /* AcademViewController.swift */; };
		FC8E6A921E8AD78500605214 /* NSObject.swift in Sources */ = {isa = PBXBuildFile; fileRef = FC8E6A911E8AD78500605214 /* NSObject.swift */; };
		FC8E6A981E8AD86700605214 /* TabBarViewController.swift in Sources */ = {isa = PBXBuildFile; fileRef = FC8E6A971E8AD86700605214 /* TabBarViewController.swift */; };
		FC8E6A9A1E8AEF0F00605214 /* UIViewController.swift in Sources */ = {isa = PBXBuildFile; fileRef = FC8E6A991E8AEF0F00605214 /* UIViewController.swift */; };
		FC8E6AAB1E8B291500605214 /* MapKit.framework in Frameworks */ = {isa = PBXBuildFile; fileRef = FC8E6AAA1E8B291500605214 /* MapKit.framework */; };
		FC8E6AB11E8B381A00605214 /* Theme.swift in Sources */ = {isa = PBXBuildFile; fileRef = FC8E6AB01E8B381A00605214 /* Theme.swift */; };
		FCCD22ED1E8E8E82004699DC /* Assets.xcassets in Resources */ = {isa = PBXBuildFile; fileRef = FCCD22EC1E8E8E82004699DC /* Assets.xcassets */; };
		FCCD22F51E8E9345004699DC /* KeyboardViewController.swift in Sources */ = {isa = PBXBuildFile; fileRef = FCCD22F41E8E9345004699DC /* KeyboardViewController.swift */; };
		FCCD22F91E8E9345004699DC /* EmojiKeyboard.appex in Embed App Extensions */ = {isa = PBXBuildFile; fileRef = FCCD22F21E8E9345004699DC /* EmojiKeyboard.appex */; settings = {ATTRIBUTES = (RemoveHeadersOnCopy, ); }; };
		FCCD23011E8EA82A004699DC /* PinCodeViewController.swift in Sources */ = {isa = PBXBuildFile; fileRef = FCCD23001E8EA82A004699DC /* PinCodeViewController.swift */; };
		FCCD23071E8EB187004699DC /* Int.swift in Sources */ = {isa = PBXBuildFile; fileRef = FCCD23061E8EB187004699DC /* Int.swift */; };
/* End PBXBuildFile section */

/* Begin PBXContainerItemProxy section */
		FC4161591E89A8B100919384 /* PBXContainerItemProxy */ = {
			isa = PBXContainerItemProxy;
			containerPortal = FC41613A1E89A8B100919384 /* Project object */;
			proxyType = 1;
			remoteGlobalIDString = FC4161411E89A8B100919384;
			remoteInfo = HuaweiCliend;
		};
		FCCD22F71E8E9345004699DC /* PBXContainerItemProxy */ = {
			isa = PBXContainerItemProxy;
			containerPortal = FC41613A1E89A8B100919384 /* Project object */;
			proxyType = 1;
			remoteGlobalIDString = FCCD22F11E8E9345004699DC;
			remoteInfo = EmojiKeyboard;
		};
/* End PBXContainerItemProxy section */

/* Begin PBXCopyFilesBuildPhase section */
		FCCD22FD1E8E9345004699DC /* Embed App Extensions */ = {
			isa = PBXCopyFilesBuildPhase;
			buildActionMask = 2147483647;
			dstPath = "";
			dstSubfolderSpec = 13;
			files = (
				FCCD22F91E8E9345004699DC /* EmojiKeyboard.appex in Embed App Extensions */,
			);
			name = "Embed App Extensions";
			runOnlyForDeploymentPostprocessing = 0;
		};
/* End PBXCopyFilesBuildPhase section */

/* Begin PBXFileReference section */
		127F25EA8D4F3A64DDB5B555 /* Pods-HuaweiCliendTests.debug.xcconfig */ = {isa = PBXFileReference; includeInIndex = 1; lastKnownFileType = text.xcconfig; name = "Pods-HuaweiCliendTests.debug.xcconfig"; path = "Pods/Target Support Files/Pods-HuaweiCliendTests/Pods-HuaweiCliendTests.debug.xcconfig"; sourceTree = "<group>"; };
		1BEA9FBD4E7F9B4499A0A2F9 /* Pods-HuaweiCliendTests.release.xcconfig */ = {isa = PBXFileReference; includeInIndex = 1; lastKnownFileType = text.xcconfig; name = "Pods-HuaweiCliendTests.release.xcconfig"; path = "Pods/Target Support Files/Pods-HuaweiCliendTests/Pods-HuaweiCliendTests.release.xcconfig"; sourceTree = "<group>"; };
		401ABDA457C5238DA6B7B12A /* Pods_HuaweiCliend.framework */ = {isa = PBXFileReference; explicitFileType = wrapper.framework; includeInIndex = 0; path = Pods_HuaweiCliend.framework; sourceTree = BUILT_PRODUCTS_DIR; };
		7BE932210A5DC25EADE6BB1C /* Pods-HuaweiCliend.debug.xcconfig */ = {isa = PBXFileReference; includeInIndex = 1; lastKnownFileType = text.xcconfig; name = "Pods-HuaweiCliend.debug.xcconfig"; path = "Pods/Target Support Files/Pods-HuaweiCliend/Pods-HuaweiCliend.debug.xcconfig"; sourceTree = "<group>"; };
		933AECD11C931F87B84023FD /* Pods-HuaweiCliend.release.xcconfig */ = {isa = PBXFileReference; includeInIndex = 1; lastKnownFileType = text.xcconfig; name = "Pods-HuaweiCliend.release.xcconfig"; path = "Pods/Target Support Files/Pods-HuaweiCliend/Pods-HuaweiCliend.release.xcconfig"; sourceTree = "<group>"; };
		C7D1A0574E692E9046378C15 /* Pods_HuaweiCliendTests.framework */ = {isa = PBXFileReference; explicitFileType = wrapper.framework; includeInIndex = 0; path = Pods_HuaweiCliendTests.framework; sourceTree = BUILT_PRODUCTS_DIR; };
		FC0B635B1E8EC54800BA77A8 /* String+Hash.swift */ = {isa = PBXFileReference; fileEncoding = 4; lastKnownFileType = sourcecode.swift; path = "String+Hash.swift"; sourceTree = "<group>"; };
		FC0B635D1E8ECCCE00BA77A8 /* Device.swift */ = {isa = PBXFileReference; fileEncoding = 4; lastKnownFileType = sourcecode.swift; path = Device.swift; sourceTree = "<group>"; };
		FC0B635F1E8ECD7D00BA77A8 /* Keychainer.swift */ = {isa = PBXFileReference; fileEncoding = 4; lastKnownFileType = sourcecode.swift; path = Keychainer.swift; sourceTree = "<group>"; };
		FC3CAF6F1E8ED8A200D065AA /* Application.swift */ = {isa = PBXFileReference; fileEncoding = 4; lastKnownFileType = sourcecode.swift; path = Application.swift; sourceTree = "<group>"; };
		FC3CAF711E8EDC1E00D065AA /* PinCodeViewModel.swift */ = {isa = PBXFileReference; fileEncoding = 4; lastKnownFileType = sourcecode.swift; path = PinCodeViewModel.swift; sourceTree = "<group>"; };
		FC4161421E89A8B100919384 /* Emojuirity.app */ = {isa = PBXFileReference; explicitFileType = wrapper.application; includeInIndex = 0; path = Emojuirity.app; sourceTree = BUILT_PRODUCTS_DIR; };
		FC4161451E89A8B100919384 /* AppDelegate.swift */ = {isa = PBXFileReference; lastKnownFileType = sourcecode.swift; path = AppDelegate.swift; sourceTree = "<group>"; };
		FC41614C1E89A8B100919384 /* Base */ = {isa = PBXFileReference; lastKnownFileType = file.storyboard; name = Base; path = Base.lproj/Main.storyboard; sourceTree = "<group>"; };
		FC4161511E89A8B100919384 /* Base */ = {isa = PBXFileReference; lastKnownFileType = file.storyboard; name = Base; path = Base.lproj/LaunchScreen.storyboard; sourceTree = "<group>"; };
		FC4161531E89A8B100919384 /* Info.plist */ = {isa = PBXFileReference; lastKnownFileType = text.plist.xml; path = Info.plist; sourceTree = "<group>"; };
		FC4161581E89A8B100919384 /* EmojuirityTests.xctest */ = {isa = PBXFileReference; explicitFileType = wrapper.cfbundle; includeInIndex = 0; path = EmojuirityTests.xctest; sourceTree = BUILT_PRODUCTS_DIR; };
		FC41615C1E89A8B100919384 /* HuaweiCliendTests.swift */ = {isa = PBXFileReference; lastKnownFileType = sourcecode.swift; path = HuaweiCliendTests.swift; sourceTree = "<group>"; };
		FC41615E1E89A8B100919384 /* Info.plist */ = {isa = PBXFileReference; lastKnownFileType = text.plist.xml; path = Info.plist; sourceTree = "<group>"; };
		FC41616C1E89B02F00919384 /* Network.swift */ = {isa = PBXFileReference; fileEncoding = 4; lastKnownFileType = sourcecode.swift; path = Network.swift; sourceTree = "<group>"; };
		FC4161701E89B42800919384 /* SignViewController.swift */ = {isa = PBXFileReference; fileEncoding = 4; lastKnownFileType = sourcecode.swift; path = SignViewController.swift; sourceTree = "<group>"; };
		FC4161741E89B67B00919384 /* UserProfile.swift */ = {isa = PBXFileReference; fileEncoding = 4; lastKnownFileType = sourcecode.swift; path = UserProfile.swift; sourceTree = "<group>"; };
		FC41617A1E89C06900919384 /* SignInViewModel.swift */ = {isa = PBXFileReference; fileEncoding = 4; lastKnownFileType = sourcecode.swift; path = SignInViewModel.swift; sourceTree = "<group>"; };
		FC41617C1E89C0C000919384 /* SignInModel.swift */ = {isa = PBXFileReference; fileEncoding = 4; lastKnownFileType = sourcecode.swift; path = SignInModel.swift; sourceTree = "<group>"; };
		FC4161801E89D48700919384 /* Router.swift */ = {isa = PBXFileReference; fileEncoding = 4; lastKnownFileType = sourcecode.swift; path = Router.swift; sourceTree = "<group>"; };
		FC4161841E89E30200919384 /* UserProfileViewController.swift */ = {isa = PBXFileReference; fileEncoding = 4; lastKnownFileType = sourcecode.swift; path = UserProfileViewController.swift; sourceTree = "<group>"; };
		FC8E6A841E8AC80700605214 /* UserProfileViewModel.swift */ = {isa = PBXFileReference; fileEncoding = 4; lastKnownFileType = sourcecode.swift; path = UserProfileViewModel.swift; sourceTree = "<group>"; };
		FC8E6A8F1E8AD39200605214 /* AcademViewController.swift */ = {isa = PBXFileReference; fileEncoding = 4; lastKnownFileType = sourcecode.swift; path = AcademViewController.swift; sourceTree = "<group>"; };
		FC8E6A911E8AD78500605214 /* NSObject.swift */ = {isa = PBXFileReference; fileEncoding = 4; lastKnownFileType = sourcecode.swift; path = NSObject.swift; sourceTree = "<group>"; };
		FC8E6A971E8AD86700605214 /* TabBarViewController.swift */ = {isa = PBXFileReference; fileEncoding = 4; lastKnownFileType = sourcecode.swift; path = TabBarViewController.swift; sourceTree = "<group>"; };
		FC8E6A991E8AEF0F00605214 /* UIViewController.swift */ = {isa = PBXFileReference; fileEncoding = 4; lastKnownFileType = sourcecode.swift; path = UIViewController.swift; sourceTree = "<group>"; };
		FC8E6AAA1E8B291500605214 /* MapKit.framework */ = {isa = PBXFileReference; lastKnownFileType = wrapper.framework; name = MapKit.framework; path = System/Library/Frameworks/MapKit.framework; sourceTree = SDKROOT; };
		FC8E6AAC1E8B300400605214 /* HuaweiCliend-Bridging-Header.h */ = {isa = PBXFileReference; lastKnownFileType = sourcecode.c.h; path = "HuaweiCliend-Bridging-Header.h"; sourceTree = SOURCE_ROOT; };
		FC8E6AB01E8B381A00605214 /* Theme.swift */ = {isa = PBXFileReference; fileEncoding = 4; lastKnownFileType = sourcecode.swift; name = Theme.swift; path = ../Theme.swift; sourceTree = "<group>"; };
		FCCD22EC1E8E8E82004699DC /* Assets.xcassets */ = {isa = PBXFileReference; lastKnownFileType = folder.assetcatalog; path = Assets.xcassets; sourceTree = "<group>"; };
		FCCD22F21E8E9345004699DC /* EmojiKeyboard.appex */ = {isa = PBXFileReference; explicitFileType = "wrapper.app-extension"; includeInIndex = 0; path = EmojiKeyboard.appex; sourceTree = BUILT_PRODUCTS_DIR; };
		FCCD22F41E8E9345004699DC /* KeyboardViewController.swift */ = {isa = PBXFileReference; lastKnownFileType = sourcecode.swift; path = KeyboardViewController.swift; sourceTree = "<group>"; };
		FCCD22F61E8E9345004699DC /* Info.plist */ = {isa = PBXFileReference; lastKnownFileType = text.plist.xml; path = Info.plist; sourceTree = "<group>"; };
		FCCD23001E8EA82A004699DC /* PinCodeViewController.swift */ = {isa = PBXFileReference; fileEncoding = 4; lastKnownFileType = sourcecode.swift; path = PinCodeViewController.swift; sourceTree = "<group>"; };
		FCCD23061E8EB187004699DC /* Int.swift */ = {isa = PBXFileReference; fileEncoding = 4; lastKnownFileType = sourcecode.swift; path = Int.swift; sourceTree = "<group>"; };
/* End PBXFileReference section */

/* Begin PBXFrameworksBuildPhase section */
		FC41613F1E89A8B100919384 /* Frameworks */ = {
			isa = PBXFrameworksBuildPhase;
			buildActionMask = 2147483647;
			files = (
				FC8E6AAB1E8B291500605214 /* MapKit.framework in Frameworks */,
				EF3803BA474A53FA7EFC22F6 /* Pods_HuaweiCliend.framework in Frameworks */,
			);
			runOnlyForDeploymentPostprocessing = 0;
		};
		FC4161551E89A8B100919384 /* Frameworks */ = {
			isa = PBXFrameworksBuildPhase;
			buildActionMask = 2147483647;
			files = (
				E3924A2C9D42759201F0F6EC /* Pods_HuaweiCliendTests.framework in Frameworks */,
			);
			runOnlyForDeploymentPostprocessing = 0;
		};
		FCCD22EF1E8E9345004699DC /* Frameworks */ = {
			isa = PBXFrameworksBuildPhase;
			buildActionMask = 2147483647;
			files = (
			);
			runOnlyForDeploymentPostprocessing = 0;
		};
/* End PBXFrameworksBuildPhase section */

/* Begin PBXGroup section */
		9F4C48FE5A522DD94E18E14E /* Pods */ = {
			isa = PBXGroup;
			children = (
				7BE932210A5DC25EADE6BB1C /* Pods-HuaweiCliend.debug.xcconfig */,
				933AECD11C931F87B84023FD /* Pods-HuaweiCliend.release.xcconfig */,
				127F25EA8D4F3A64DDB5B555 /* Pods-HuaweiCliendTests.debug.xcconfig */,
				1BEA9FBD4E7F9B4499A0A2F9 /* Pods-HuaweiCliendTests.release.xcconfig */,
			);
			name = Pods;
			sourceTree = "<group>";
		};
		E85B4F14C6595F0ABD86C383 /* Frameworks */ = {
			isa = PBXGroup;
			children = (
				FC8E6AAA1E8B291500605214 /* MapKit.framework */,
				401ABDA457C5238DA6B7B12A /* Pods_HuaweiCliend.framework */,
				C7D1A0574E692E9046378C15 /* Pods_HuaweiCliendTests.framework */,
			);
			name = Frameworks;
			sourceTree = "<group>";
		};
		FC4161391E89A8B100919384 = {
			isa = PBXGroup;
			children = (
				FC4161441E89A8B100919384 /* Emojuirity */,
				FC41615B1E89A8B100919384 /* HuaweiCliendTests */,
				FCCD22F31E8E9345004699DC /* EmojiKeyboard */,
				FC4161431E89A8B100919384 /* Products */,
				9F4C48FE5A522DD94E18E14E /* Pods */,
				E85B4F14C6595F0ABD86C383 /* Frameworks */,
			);
			sourceTree = "<group>";
		};
		FC4161431E89A8B100919384 /* Products */ = {
			isa = PBXGroup;
			children = (
				FC4161421E89A8B100919384 /* Emojuirity.app */,
				FC4161581E89A8B100919384 /* EmojuirityTests.xctest */,
				FCCD22F21E8E9345004699DC /* EmojiKeyboard.appex */,
			);
			name = Products;
			sourceTree = "<group>";
		};
		FC4161441E89A8B100919384 /* Emojuirity */ = {
			isa = PBXGroup;
			children = (
				FC8E6AAC1E8B300400605214 /* HuaweiCliend-Bridging-Header.h */,
				FC4161451E89A8B100919384 /* AppDelegate.swift */,
				FC4161801E89D48700919384 /* Router.swift */,
				FC8E6A9F1E8B079600605214 /* Views */,
				FC8E6A831E8AC7DB00605214 /* ViewControllers */,
				FC4161771E89BE2D00919384 /* ViewModels */,
				FC4161721E89B65A00919384 /* Services */,
				FC4161731E89B66400919384 /* Models */,
				FC8E6A8E1E8AD38600605214 /* Extensions */,
				FC41614B1E89A8B100919384 /* Main.storyboard */,
				FC4161501E89A8B100919384 /* LaunchScreen.storyboard */,
				FCCD22EC1E8E8E82004699DC /* Assets.xcassets */,
				FC4161531E89A8B100919384 /* Info.plist */,
			);
			name = Emojuirity;
			path = HuaweiCliend;
			sourceTree = "<group>";
		};
		FC41615B1E89A8B100919384 /* HuaweiCliendTests */ = {
			isa = PBXGroup;
			children = (
				FC41615C1E89A8B100919384 /* HuaweiCliendTests.swift */,
				FC41615E1E89A8B100919384 /* Info.plist */,
			);
			path = HuaweiCliendTests;
			sourceTree = "<group>";
		};
		FC4161721E89B65A00919384 /* Services */ = {
			isa = PBXGroup;
			children = (
				FC8E6AB01E8B381A00605214 /* Theme.swift */,
				FC0B635D1E8ECCCE00BA77A8 /* Device.swift */,
				FC0B635F1E8ECD7D00BA77A8 /* Keychainer.swift */,
				FC41616C1E89B02F00919384 /* Network.swift */,
			);
			name = Services;
			sourceTree = "<group>";
		};
		FC4161731E89B66400919384 /* Models */ = {
			isa = PBXGroup;
			children = (
				FC41617C1E89C0C000919384 /* SignInModel.swift */,
				FC4161741E89B67B00919384 /* UserProfile.swift */,
			);
			name = Models;
			sourceTree = "<group>";
		};
		FC4161771E89BE2D00919384 /* ViewModels */ = {
			isa = PBXGroup;
			children = (
				FC41617A1E89C06900919384 /* SignInViewModel.swift */,
				FC3CAF711E8EDC1E00D065AA /* PinCodeViewModel.swift */,
				FC8E6A841E8AC80700605214 /* UserProfileViewModel.swift */,
			);
			name = ViewModels;
			sourceTree = "<group>";
		};
		FC8E6A831E8AC7DB00605214 /* ViewControllers */ = {
			isa = PBXGroup;
			children = (
				FC8E6A8F1E8AD39200605214 /* AcademViewController.swift */,
				FC8E6A971E8AD86700605214 /* TabBarViewController.swift */,
				FC4161701E89B42800919384 /* SignViewController.swift */,
				FCCD23001E8EA82A004699DC /* PinCodeViewController.swift */,
				FC4161841E89E30200919384 /* UserProfileViewController.swift */,
			);
			name = ViewControllers;
			sourceTree = "<group>";
		};
		FC8E6A8E1E8AD38600605214 /* Extensions */ = {
			isa = PBXGroup;
			children = (
				FC3CAF6F1E8ED8A200D065AA /* Application.swift */,
				FC8E6A991E8AEF0F00605214 /* UIViewController.swift */,
				FC8E6A911E8AD78500605214 /* NSObject.swift */,
				FCCD23061E8EB187004699DC /* Int.swift */,
				FC0B635B1E8EC54800BA77A8 /* String+Hash.swift */,
			);
			name = Extensions;
			sourceTree = "<group>";
		};
		FC8E6A9F1E8B079600605214 /* Views */ = {
			isa = PBXGroup;
			children = (
			);
			name = Views;
			sourceTree = "<group>";
		};
		FCCD22F31E8E9345004699DC /* EmojiKeyboard */ = {
			isa = PBXGroup;
			children = (
				FCCD22F41E8E9345004699DC /* KeyboardViewController.swift */,
				FCCD22F61E8E9345004699DC /* Info.plist */,
			);
			path = EmojiKeyboard;
			sourceTree = "<group>";
		};
/* End PBXGroup section */

/* Begin PBXNativeTarget section */
		FC4161411E89A8B100919384 /* Emojuirity */ = {
			isa = PBXNativeTarget;
			buildConfigurationList = FC4161611E89A8B100919384 /* Build configuration list for PBXNativeTarget "Emojuirity" */;
			buildPhases = (
				7CFDC7384D6F574462DAE469 /* [CP] Check Pods Manifest.lock */,
				FC41613E1E89A8B100919384 /* Sources */,
				FC41613F1E89A8B100919384 /* Frameworks */,
				FC4161401E89A8B100919384 /* Resources */,
				5F9095F07D9207F8336DB784 /* [CP] Embed Pods Frameworks */,
				9D308DFEC3399C1470D0DEE0 /* [CP] Copy Pods Resources */,
				FCCD22FD1E8E9345004699DC /* Embed App Extensions */,
			);
			buildRules = (
			);
			dependencies = (
				FCCD22F81E8E9345004699DC /* PBXTargetDependency */,
			);
			name = Emojuirity;
			productName = HuaweiCliend;
			productReference = FC4161421E89A8B100919384 /* Emojuirity.app */;
			productType = "com.apple.product-type.application";
		};
		FC4161571E89A8B100919384 /* EmojuirityTests */ = {
			isa = PBXNativeTarget;
			buildConfigurationList = FC4161641E89A8B100919384 /* Build configuration list for PBXNativeTarget "EmojuirityTests" */;
			buildPhases = (
				FCEA5C3572C82A0717A598ED /* [CP] Check Pods Manifest.lock */,
				FC4161541E89A8B100919384 /* Sources */,
				FC4161551E89A8B100919384 /* Frameworks */,
				FC4161561E89A8B100919384 /* Resources */,
				7F228E82B61696A51B98E6E9 /* [CP] Embed Pods Frameworks */,
				C962670D19852805C399974B /* [CP] Copy Pods Resources */,
			);
			buildRules = (
			);
			dependencies = (
				FC41615A1E89A8B100919384 /* PBXTargetDependency */,
			);
			name = EmojuirityTests;
			productName = HuaweiCliendTests;
			productReference = FC4161581E89A8B100919384 /* EmojuirityTests.xctest */;
			productType = "com.apple.product-type.bundle.unit-test";
		};
		FCCD22F11E8E9345004699DC /* EmojiKeyboard */ = {
			isa = PBXNativeTarget;
			buildConfigurationList = FCCD22FA1E8E9345004699DC /* Build configuration list for PBXNativeTarget "EmojiKeyboard" */;
			buildPhases = (
				FCCD22EE1E8E9345004699DC /* Sources */,
				FCCD22EF1E8E9345004699DC /* Frameworks */,
				FCCD22F01E8E9345004699DC /* Resources */,
			);
			buildRules = (
			);
			dependencies = (
			);
			name = EmojiKeyboard;
			productName = EmojiKeyboard;
			productReference = FCCD22F21E8E9345004699DC /* EmojiKeyboard.appex */;
			productType = "com.apple.product-type.app-extension";
		};
/* End PBXNativeTarget section */

/* Begin PBXProject section */
		FC41613A1E89A8B100919384 /* Project object */ = {
			isa = PBXProject;
			attributes = {
				LastSwiftUpdateCheck = 0820;
				LastUpgradeCheck = 0820;
				ORGANIZATIONNAME = "Amin Benarieb";
				TargetAttributes = {
					FC4161411E89A8B100919384 = {
						CreatedOnToolsVersion = 8.2.1;
						DevelopmentTeam = 5P8935L6RT;
						LastSwiftMigration = 0820;
						ProvisioningStyle = Automatic;
						SystemCapabilities = {
							com.apple.Maps.iOS = {
								enabled = 1;
							};
						};
					};
					FC4161571E89A8B100919384 = {
						CreatedOnToolsVersion = 8.2.1;
						DevelopmentTeam = 5P8935L6RT;
						ProvisioningStyle = Automatic;
						TestTargetID = FC4161411E89A8B100919384;
					};
					FCCD22F11E8E9345004699DC = {
						CreatedOnToolsVersion = 8.2.1;
						DevelopmentTeam = 5P8935L6RT;
						ProvisioningStyle = Automatic;
					};
				};
			};
			buildConfigurationList = FC41613D1E89A8B100919384 /* Build configuration list for PBXProject "Emojuirity" */;
			compatibilityVersion = "Xcode 3.2";
			developmentRegion = English;
			hasScannedForEncodings = 0;
			knownRegions = (
				en,
				Base,
			);
			mainGroup = FC4161391E89A8B100919384;
			productRefGroup = FC4161431E89A8B100919384 /* Products */;
			projectDirPath = "";
			projectRoot = "";
			targets = (
				FC4161411E89A8B100919384 /* Emojuirity */,
				FC4161571E89A8B100919384 /* EmojuirityTests */,
				FCCD22F11E8E9345004699DC /* EmojiKeyboard */,
			);
		};
/* End PBXProject section */

/* Begin PBXResourcesBuildPhase section */
		FC4161401E89A8B100919384 /* Resources */ = {
			isa = PBXResourcesBuildPhase;
			buildActionMask = 2147483647;
			files = (
				FC4161521E89A8B100919384 /* LaunchScreen.storyboard in Resources */,
				FCCD22ED1E8E8E82004699DC /* Assets.xcassets in Resources */,
				FC41614D1E89A8B100919384 /* Main.storyboard in Resources */,
			);
			runOnlyForDeploymentPostprocessing = 0;
		};
		FC4161561E89A8B100919384 /* Resources */ = {
			isa = PBXResourcesBuildPhase;
			buildActionMask = 2147483647;
			files = (
			);
			runOnlyForDeploymentPostprocessing = 0;
		};
		FCCD22F01E8E9345004699DC /* Resources */ = {
			isa = PBXResourcesBuildPhase;
			buildActionMask = 2147483647;
			files = (
			);
			runOnlyForDeploymentPostprocessing = 0;
		};
/* End PBXResourcesBuildPhase section */

/* Begin PBXShellScriptBuildPhase section */
		5F9095F07D9207F8336DB784 /* [CP] Embed Pods Frameworks */ = {
			isa = PBXShellScriptBuildPhase;
			buildActionMask = 2147483647;
			files = (
			);
			inputPaths = (
			);
			name = "[CP] Embed Pods Frameworks";
			outputPaths = (
			);
			runOnlyForDeploymentPostprocessing = 0;
			shellPath = /bin/sh;
			shellScript = "\"${SRCROOT}/Pods/Target Support Files/Pods-HuaweiCliend/Pods-HuaweiCliend-frameworks.sh\"\n";
			showEnvVarsInLog = 0;
		};
		7CFDC7384D6F574462DAE469 /* [CP] Check Pods Manifest.lock */ = {
			isa = PBXShellScriptBuildPhase;
			buildActionMask = 2147483647;
			files = (
			);
			inputPaths = (
			);
			name = "[CP] Check Pods Manifest.lock";
			outputPaths = (
			);
			runOnlyForDeploymentPostprocessing = 0;
			shellPath = /bin/sh;
			shellScript = "diff \"${PODS_PODFILE_DIR_PATH}/Podfile.lock\" \"${PODS_ROOT}/Manifest.lock\" > /dev/null\nif [ $? != 0 ] ; then\n    # print error to STDERR\n    echo \"error: The sandbox is not in sync with the Podfile.lock. Run 'pod install' or update your CocoaPods installation.\" >&2\n    exit 1\nfi\n";
			showEnvVarsInLog = 0;
		};
		7F228E82B61696A51B98E6E9 /* [CP] Embed Pods Frameworks */ = {
			isa = PBXShellScriptBuildPhase;
			buildActionMask = 2147483647;
			files = (
			);
			inputPaths = (
			);
			name = "[CP] Embed Pods Frameworks";
			outputPaths = (
			);
			runOnlyForDeploymentPostprocessing = 0;
			shellPath = /bin/sh;
			shellScript = "\"${SRCROOT}/Pods/Target Support Files/Pods-HuaweiCliendTests/Pods-HuaweiCliendTests-frameworks.sh\"\n";
			showEnvVarsInLog = 0;
		};
		9D308DFEC3399C1470D0DEE0 /* [CP] Copy Pods Resources */ = {
			isa = PBXShellScriptBuildPhase;
			buildActionMask = 2147483647;
			files = (
			);
			inputPaths = (
			);
			name = "[CP] Copy Pods Resources";
			outputPaths = (
			);
			runOnlyForDeploymentPostprocessing = 0;
			shellPath = /bin/sh;
			shellScript = "\"${SRCROOT}/Pods/Target Support Files/Pods-HuaweiCliend/Pods-HuaweiCliend-resources.sh\"\n";
			showEnvVarsInLog = 0;
		};
		C962670D19852805C399974B /* [CP] Copy Pods Resources */ = {
			isa = PBXShellScriptBuildPhase;
			buildActionMask = 2147483647;
			files = (
			);
			inputPaths = (
			);
			name = "[CP] Copy Pods Resources";
			outputPaths = (
			);
			runOnlyForDeploymentPostprocessing = 0;
			shellPath = /bin/sh;
			shellScript = "\"${SRCROOT}/Pods/Target Support Files/Pods-HuaweiCliendTests/Pods-HuaweiCliendTests-resources.sh\"\n";
			showEnvVarsInLog = 0;
		};
		FCEA5C3572C82A0717A598ED /* [CP] Check Pods Manifest.lock */ = {
			isa = PBXShellScriptBuildPhase;
			buildActionMask = 2147483647;
			files = (
			);
			inputPaths = (
			);
			name = "[CP] Check Pods Manifest.lock";
			outputPaths = (
			);
			runOnlyForDeploymentPostprocessing = 0;
			shellPath = /bin/sh;
			shellScript = "diff \"${PODS_PODFILE_DIR_PATH}/Podfile.lock\" \"${PODS_ROOT}/Manifest.lock\" > /dev/null\nif [ $? != 0 ] ; then\n    # print error to STDERR\n    echo \"error: The sandbox is not in sync with the Podfile.lock. Run 'pod install' or update your CocoaPods installation.\" >&2\n    exit 1\nfi\n";
			showEnvVarsInLog = 0;
		};
/* End PBXShellScriptBuildPhase section */

/* Begin PBXSourcesBuildPhase section */
		FC41613E1E89A8B100919384 /* Sources */ = {
			isa = PBXSourcesBuildPhase;
			buildActionMask = 2147483647;
			files = (
				FC3CAF701E8ED8A200D065AA /* Application.swift in Sources */,
				FC8E6AB11E8B381A00605214 /* Theme.swift in Sources */,
				FC41616D1E89B02F00919384 /* Network.swift in Sources */,
				FCCD23071E8EB187004699DC /* Int.swift in Sources */,
				FC0B635E1E8ECCCE00BA77A8 /* Device.swift in Sources */,
				FC8E6A9A1E8AEF0F00605214 /* UIViewController.swift in Sources */,
				FC41617B1E89C06900919384 /* SignInViewModel.swift in Sources */,
				FC8E6A981E8AD86700605214 /* TabBarViewController.swift in Sources */,
				FC8E6A921E8AD78500605214 /* NSObject.swift in Sources */,
				FC0B635C1E8EC54800BA77A8 /* String+Hash.swift in Sources */,
				FC8E6A851E8AC80700605214 /* UserProfileViewModel.swift in Sources */,
				FC4161811E89D48700919384 /* Router.swift in Sources */,
				FC4161461E89A8B100919384 /* AppDelegate.swift in Sources */,
				FC41617D1E89C0C000919384 /* SignInModel.swift in Sources */,
				FC4161751E89B67B00919384 /* UserProfile.swift in Sources */,
				FC0B63601E8ECD7D00BA77A8 /* Keychainer.swift in Sources */,
				FC4161851E89E30200919384 /* UserProfileViewController.swift in Sources */,
				FCCD23011E8EA82A004699DC /* PinCodeViewController.swift in Sources */,
				FC8E6A901E8AD39200605214 /* AcademViewController.swift in Sources */,
				FC4161711E89B42800919384 /* SignViewController.swift in Sources */,
				FC3CAF721E8EDC1E00D065AA /* PinCodeViewModel.swift in Sources */,
			);
			runOnlyForDeploymentPostprocessing = 0;
		};
		FC4161541E89A8B100919384 /* Sources */ = {
			isa = PBXSourcesBuildPhase;
			buildActionMask = 2147483647;
			files = (
				FC41615D1E89A8B100919384 /* HuaweiCliendTests.swift in Sources */,
			);
			runOnlyForDeploymentPostprocessing = 0;
		};
		FCCD22EE1E8E9345004699DC /* Sources */ = {
			isa = PBXSourcesBuildPhase;
			buildActionMask = 2147483647;
			files = (
				FCCD22F51E8E9345004699DC /* KeyboardViewController.swift in Sources */,
			);
			runOnlyForDeploymentPostprocessing = 0;
		};
/* End PBXSourcesBuildPhase section */

/* Begin PBXTargetDependency section */
		FC41615A1E89A8B100919384 /* PBXTargetDependency */ = {
			isa = PBXTargetDependency;
			target = FC4161411E89A8B100919384 /* Emojuirity */;
			targetProxy = FC4161591E89A8B100919384 /* PBXContainerItemProxy */;
		};
		FCCD22F81E8E9345004699DC /* PBXTargetDependency */ = {
			isa = PBXTargetDependency;
			target = FCCD22F11E8E9345004699DC /* EmojiKeyboard */;
			targetProxy = FCCD22F71E8E9345004699DC /* PBXContainerItemProxy */;
		};
/* End PBXTargetDependency section */

/* Begin PBXVariantGroup section */
		FC41614B1E89A8B100919384 /* Main.storyboard */ = {
			isa = PBXVariantGroup;
			children = (
				FC41614C1E89A8B100919384 /* Base */,
			);
			name = Main.storyboard;
			sourceTree = "<group>";
		};
		FC4161501E89A8B100919384 /* LaunchScreen.storyboard */ = {
			isa = PBXVariantGroup;
			children = (
				FC4161511E89A8B100919384 /* Base */,
			);
			name = LaunchScreen.storyboard;
			sourceTree = "<group>";
		};
/* End PBXVariantGroup section */

/* Begin XCBuildConfiguration section */
		FC41615F1E89A8B100919384 /* Debug */ = {
			isa = XCBuildConfiguration;
			buildSettings = {
				ALWAYS_SEARCH_USER_PATHS = NO;
				CLANG_ANALYZER_NONNULL = YES;
				CLANG_CXX_LANGUAGE_STANDARD = "gnu++0x";
				CLANG_CXX_LIBRARY = "libc++";
				CLANG_ENABLE_MODULES = YES;
				CLANG_ENABLE_OBJC_ARC = YES;
				CLANG_WARN_BOOL_CONVERSION = YES;
				CLANG_WARN_CONSTANT_CONVERSION = YES;
				CLANG_WARN_DIRECT_OBJC_ISA_USAGE = YES_ERROR;
				CLANG_WARN_DOCUMENTATION_COMMENTS = YES;
				CLANG_WARN_EMPTY_BODY = YES;
				CLANG_WARN_ENUM_CONVERSION = YES;
				CLANG_WARN_INFINITE_RECURSION = YES;
				CLANG_WARN_INT_CONVERSION = YES;
				CLANG_WARN_OBJC_ROOT_CLASS = YES_ERROR;
				CLANG_WARN_SUSPICIOUS_MOVE = YES;
				CLANG_WARN_UNREACHABLE_CODE = YES;
				CLANG_WARN__DUPLICATE_METHOD_MATCH = YES;
				"CODE_SIGN_IDENTITY[sdk=iphoneos*]" = "iPhone Developer";
				COPY_PHASE_STRIP = NO;
				DEBUG_INFORMATION_FORMAT = dwarf;
				ENABLE_STRICT_OBJC_MSGSEND = YES;
				ENABLE_TESTABILITY = YES;
				GCC_C_LANGUAGE_STANDARD = gnu99;
				GCC_DYNAMIC_NO_PIC = NO;
				GCC_NO_COMMON_BLOCKS = YES;
				GCC_OPTIMIZATION_LEVEL = 0;
				GCC_PREPROCESSOR_DEFINITIONS = (
					"DEBUG=1",
					"$(inherited)",
				);
				GCC_WARN_64_TO_32_BIT_CONVERSION = YES;
				GCC_WARN_ABOUT_RETURN_TYPE = YES_ERROR;
				GCC_WARN_UNDECLARED_SELECTOR = YES;
				GCC_WARN_UNINITIALIZED_AUTOS = YES_AGGRESSIVE;
				GCC_WARN_UNUSED_FUNCTION = YES;
				GCC_WARN_UNUSED_VARIABLE = YES;
				IPHONEOS_DEPLOYMENT_TARGET = 10.2;
				MTL_ENABLE_DEBUG_INFO = YES;
				ONLY_ACTIVE_ARCH = YES;
				SDKROOT = iphoneos;
				SWIFT_ACTIVE_COMPILATION_CONDITIONS = DEBUG;
				SWIFT_OPTIMIZATION_LEVEL = "-Onone";
				TARGETED_DEVICE_FAMILY = "1,2";
			};
			name = Debug;
		};
		FC4161601E89A8B100919384 /* Release */ = {
			isa = XCBuildConfiguration;
			buildSettings = {
				ALWAYS_SEARCH_USER_PATHS = NO;
				CLANG_ANALYZER_NONNULL = YES;
				CLANG_CXX_LANGUAGE_STANDARD = "gnu++0x";
				CLANG_CXX_LIBRARY = "libc++";
				CLANG_ENABLE_MODULES = YES;
				CLANG_ENABLE_OBJC_ARC = YES;
				CLANG_WARN_BOOL_CONVERSION = YES;
				CLANG_WARN_CONSTANT_CONVERSION = YES;
				CLANG_WARN_DIRECT_OBJC_ISA_USAGE = YES_ERROR;
				CLANG_WARN_DOCUMENTATION_COMMENTS = YES;
				CLANG_WARN_EMPTY_BODY = YES;
				CLANG_WARN_ENUM_CONVERSION = YES;
				CLANG_WARN_INFINITE_RECURSION = YES;
				CLANG_WARN_INT_CONVERSION = YES;
				CLANG_WARN_OBJC_ROOT_CLASS = YES_ERROR;
				CLANG_WARN_SUSPICIOUS_MOVE = YES;
				CLANG_WARN_UNREACHABLE_CODE = YES;
				CLANG_WARN__DUPLICATE_METHOD_MATCH = YES;
				"CODE_SIGN_IDENTITY[sdk=iphoneos*]" = "iPhone Developer";
				COPY_PHASE_STRIP = NO;
				DEBUG_INFORMATION_FORMAT = "dwarf-with-dsym";
				ENABLE_NS_ASSERTIONS = NO;
				ENABLE_STRICT_OBJC_MSGSEND = YES;
				GCC_C_LANGUAGE_STANDARD = gnu99;
				GCC_NO_COMMON_BLOCKS = YES;
				GCC_WARN_64_TO_32_BIT_CONVERSION = YES;
				GCC_WARN_ABOUT_RETURN_TYPE = YES_ERROR;
				GCC_WARN_UNDECLARED_SELECTOR = YES;
				GCC_WARN_UNINITIALIZED_AUTOS = YES_AGGRESSIVE;
				GCC_WARN_UNUSED_FUNCTION = YES;
				GCC_WARN_UNUSED_VARIABLE = YES;
				IPHONEOS_DEPLOYMENT_TARGET = 10.2;
				MTL_ENABLE_DEBUG_INFO = NO;
				SDKROOT = iphoneos;
				SWIFT_OPTIMIZATION_LEVEL = "-Owholemodule";
				TARGETED_DEVICE_FAMILY = "1,2";
				VALIDATE_PRODUCT = YES;
			};
			name = Release;
		};
		FC4161621E89A8B100919384 /* Debug */ = {
			isa = XCBuildConfiguration;
			baseConfigurationReference = 7BE932210A5DC25EADE6BB1C /* Pods-HuaweiCliend.debug.xcconfig */;
			buildSettings = {
				ALWAYS_EMBED_SWIFT_STANDARD_LIBRARIES = YES;
				ASSETCATALOG_COMPILER_APPICON_NAME = AppIcon;
				CLANG_ENABLE_MODULES = YES;
				DEVELOPMENT_TEAM = 5P8935L6RT;
				INFOPLIST_FILE = HuaweiCliend/Info.plist;
				LD_RUNPATH_SEARCH_PATHS = "$(inherited) @executable_path/Frameworks";
				PRODUCT_BUNDLE_IDENTIFIER = com.amin.benarieb.HuaweiCliend;
				PRODUCT_NAME = "$(TARGET_NAME)";
				SWIFT_OBJC_BRIDGING_HEADER = "HuaweiCliend-Bridging-Header.h";
				SWIFT_OPTIMIZATION_LEVEL = "-Onone";
				SWIFT_VERSION = 3.0;
			};
			name = Debug;
		};
		FC4161631E89A8B100919384 /* Release */ = {
			isa = XCBuildConfiguration;
			baseConfigurationReference = 933AECD11C931F87B84023FD /* Pods-HuaweiCliend.release.xcconfig */;
			buildSettings = {
				ALWAYS_EMBED_SWIFT_STANDARD_LIBRARIES = YES;
				ASSETCATALOG_COMPILER_APPICON_NAME = AppIcon;
				CLANG_ENABLE_MODULES = YES;
				DEVELOPMENT_TEAM = 5P8935L6RT;
				INFOPLIST_FILE = HuaweiCliend/Info.plist;
				LD_RUNPATH_SEARCH_PATHS = "$(inherited) @executable_path/Frameworks";
				PRODUCT_BUNDLE_IDENTIFIER = com.amin.benarieb.HuaweiCliend;
				PRODUCT_NAME = "$(TARGET_NAME)";
				SWIFT_OBJC_BRIDGING_HEADER = "HuaweiCliend-Bridging-Header.h";
				SWIFT_VERSION = 3.0;
			};
			name = Release;
		};
		FC4161651E89A8B100919384 /* Debug */ = {
			isa = XCBuildConfiguration;
			baseConfigurationReference = 127F25EA8D4F3A64DDB5B555 /* Pods-HuaweiCliendTests.debug.xcconfig */;
			buildSettings = {
				ALWAYS_EMBED_SWIFT_STANDARD_LIBRARIES = YES;
				BUNDLE_LOADER = "$(TEST_HOST)";
				DEVELOPMENT_TEAM = 5P8935L6RT;
				INFOPLIST_FILE = HuaweiCliendTests/Info.plist;
				LD_RUNPATH_SEARCH_PATHS = "$(inherited) @executable_path/Frameworks @loader_path/Frameworks";
				PRODUCT_BUNDLE_IDENTIFIER = com.amin.benarieb.HuaweiCliendTests;
				PRODUCT_NAME = "$(TARGET_NAME)";
				SWIFT_VERSION = 3.0;
				TEST_HOST = "$(BUILT_PRODUCTS_DIR)/Emojuirity.app/Emojuirity";
			};
			name = Debug;
		};
		FC4161661E89A8B100919384 /* Release */ = {
			isa = XCBuildConfiguration;
			baseConfigurationReference = 1BEA9FBD4E7F9B4499A0A2F9 /* Pods-HuaweiCliendTests.release.xcconfig */;
			buildSettings = {
				ALWAYS_EMBED_SWIFT_STANDARD_LIBRARIES = YES;
				BUNDLE_LOADER = "$(TEST_HOST)";
				DEVELOPMENT_TEAM = 5P8935L6RT;
				INFOPLIST_FILE = HuaweiCliendTests/Info.plist;
				LD_RUNPATH_SEARCH_PATHS = "$(inherited) @executable_path/Frameworks @loader_path/Frameworks";
				PRODUCT_BUNDLE_IDENTIFIER = com.amin.benarieb.HuaweiCliendTests;
				PRODUCT_NAME = "$(TARGET_NAME)";
				SWIFT_VERSION = 3.0;
				TEST_HOST = "$(BUILT_PRODUCTS_DIR)/Emojuirity.app/Emojuirity";
			};
			name = Release;
		};
		FCCD22FB1E8E9345004699DC /* Debug */ = {
			isa = XCBuildConfiguration;
			buildSettings = {
				DEVELOPMENT_TEAM = 5P8935L6RT;
				INFOPLIST_FILE = EmojiKeyboard/Info.plist;
				LD_RUNPATH_SEARCH_PATHS = "$(inherited) @executable_path/Frameworks @executable_path/../../Frameworks";
				PRODUCT_BUNDLE_IDENTIFIER = com.amin.benarieb.HuaweiCliend.EmojiKeyboard;
				PRODUCT_NAME = "$(TARGET_NAME)";
				SKIP_INSTALL = YES;
				SWIFT_VERSION = 3.0;
			};
			name = Debug;
		};
		FCCD22FC1E8E9345004699DC /* Release */ = {
			isa = XCBuildConfiguration;
			buildSettings = {
				DEVELOPMENT_TEAM = 5P8935L6RT;
				INFOPLIST_FILE = EmojiKeyboard/Info.plist;
				LD_RUNPATH_SEARCH_PATHS = "$(inherited) @executable_path/Frameworks @executable_path/../../Frameworks";
				PRODUCT_BUNDLE_IDENTIFIER = com.amin.benarieb.HuaweiCliend.EmojiKeyboard;
				PRODUCT_NAME = "$(TARGET_NAME)";
				SKIP_INSTALL = YES;
				SWIFT_VERSION = 3.0;
			};
			name = Release;
		};
/* End XCBuildConfiguration section */

/* Begin XCConfigurationList section */
		FC41613D1E89A8B100919384 /* Build configuration list for PBXProject "Emojuirity" */ = {
			isa = XCConfigurationList;
			buildConfigurations = (
				FC41615F1E89A8B100919384 /* Debug */,
				FC4161601E89A8B100919384 /* Release */,
			);
			defaultConfigurationIsVisible = 0;
			defaultConfigurationName = Release;
		};
		FC4161611E89A8B100919384 /* Build configuration list for PBXNativeTarget "Emojuirity" */ = {
			isa = XCConfigurationList;
			buildConfigurations = (
				FC4161621E89A8B100919384 /* Debug */,
				FC4161631E89A8B100919384 /* Release */,
			);
			defaultConfigurationIsVisible = 0;
			defaultConfigurationName = Release;
		};
		FC4161641E89A8B100919384 /* Build configuration list for PBXNativeTarget "EmojuirityTests" */ = {
			isa = XCConfigurationList;
			buildConfigurations = (
				FC4161651E89A8B100919384 /* Debug */,
				FC4161661E89A8B100919384 /* Release */,
			);
			defaultConfigurationIsVisible = 0;
			defaultConfigurationName = Release;
		};
		FCCD22FA1E8E9345004699DC /* Build configuration list for PBXNativeTarget "EmojiKeyboard" */ = {
			isa = XCConfigurationList;
			buildConfigurations = (
				FCCD22FB1E8E9345004699DC /* Debug */,
				FCCD22FC1E8E9345004699DC /* Release */,
			);
			defaultConfigurationIsVisible = 0;
			defaultConfigurationName = Release;
		};
/* End XCConfigurationList section */
	};
	rootObject = FC41613A1E89A8B100919384 /* Project object */;
}
